// !$*UTF8*$!
{
	archiveVersion = 1;
	classes = {
	};
	objectVersion = 50;
	objects = {

/* Begin PBXBuildFile section */
		681F1911266A6E0700DDBDB8 /* TabbedPageView.swift in Sources */ = {isa = PBXBuildFile; fileRef = 681F1910266A6E0700DDBDB8 /* TabbedPageView.swift */; };
		681F1914266A760700DDBDB8 /* TabbedPageView.swift in Sources */ = {isa = PBXBuildFile; fileRef = 681F1913266A760700DDBDB8 /* TabbedPageView.swift */; };
		682953AF2665A594004918B9 /* SwiftUI_SplitViewNavDemoApp.swift in Sources */ = {isa = PBXBuildFile; fileRef = 6829539C2665A592004918B9 /* SwiftUI_SplitViewNavDemoApp.swift */; };
		682953B02665A594004918B9 /* SwiftUI_SplitViewNavDemoApp.swift in Sources */ = {isa = PBXBuildFile; fileRef = 6829539C2665A592004918B9 /* SwiftUI_SplitViewNavDemoApp.swift */; };
		682953B12665A594004918B9 /* ContentView.swift in Sources */ = {isa = PBXBuildFile; fileRef = 6829539D2665A592004918B9 /* ContentView.swift */; };
		682953B32665A594004918B9 /* Assets.xcassets in Resources */ = {isa = PBXBuildFile; fileRef = 6829539E2665A594004918B9 /* Assets.xcassets */; };
		682953B42665A594004918B9 /* Assets.xcassets in Resources */ = {isa = PBXBuildFile; fileRef = 6829539E2665A594004918B9 /* Assets.xcassets */; };
		68310AE727F8A7D4008391C0 /* SwiftUI_SplitViewNavDemoApp.swift in Sources */ = {isa = PBXBuildFile; fileRef = 6829539C2665A592004918B9 /* SwiftUI_SplitViewNavDemoApp.swift */; };
		68310AE827F8A800008391C0 /* SidebarView.swift in Sources */ = {isa = PBXBuildFile; fileRef = 6872F75B2666FDAF009E8E03 /* SidebarView.swift */; };
		68310AE927F8A810008391C0 /* TabbedPageView.swift in Sources */ = {isa = PBXBuildFile; fileRef = 681F1910266A6E0700DDBDB8 /* TabbedPageView.swift */; };
		68310AEA27F8A85D008391C0 /* ListView.swift in Sources */ = {isa = PBXBuildFile; fileRef = 68C60A79266842EF009CD35C /* ListView.swift */; };
		6872F75C2666FDAF009E8E03 /* SidebarView.swift in Sources */ = {isa = PBXBuildFile; fileRef = 6872F75B2666FDAF009E8E03 /* SidebarView.swift */; };
		687DF3C226691F6F004F18DF /* SidebarView.swift in Sources */ = {isa = PBXBuildFile; fileRef = 6872F75B2666FDAF009E8E03 /* SidebarView.swift */; };
		687DF3C326691F74004F18DF /* ListView.swift in Sources */ = {isa = PBXBuildFile; fileRef = 68C60A79266842EF009CD35C /* ListView.swift */; };
		687DF3C426691F77004F18DF /* ContentView.swift in Sources */ = {isa = PBXBuildFile; fileRef = 6829539D2665A592004918B9 /* ContentView.swift */; };
		68C60A7A266842EF009CD35C /* ListView.swift in Sources */ = {isa = PBXBuildFile; fileRef = 68C60A79266842EF009CD35C /* ListView.swift */; };
		68DE710E2666557F0034B519 /* ViewLevel2.swift in Sources */ = {isa = PBXBuildFile; fileRef = 68DE710D2666557F0034B519 /* ViewLevel2.swift */; };
		68DE710F26667D6B0034B519 /* ViewLevel2.swift in Sources */ = {isa = PBXBuildFile; fileRef = 68DE710D2666557F0034B519 /* ViewLevel2.swift */; };
		68DE711926669BCB0034B519 /* ContentView.swift in Sources */ = {isa = PBXBuildFile; fileRef = 68DE711826669BCB0034B519 /* ContentView.swift */; };
		68DE711B26669BCD0034B519 /* Assets.xcassets in Resources */ = {isa = PBXBuildFile; fileRef = 68DE711A26669BCD0034B519 /* Assets.xcassets */; };
		68DE711E26669BCD0034B519 /* Preview Assets.xcassets in Resources */ = {isa = PBXBuildFile; fileRef = 68DE711D26669BCD0034B519 /* Preview Assets.xcassets */; };
		68DE712326669C3F0034B519 /* ViewLevel2.swift in Sources */ = {isa = PBXBuildFile; fileRef = 68DE710D2666557F0034B519 /* ViewLevel2.swift */; };
		68DE712A26669CDC0034B519 /* watchOSDemo WatchKit App.app in Embed Watch Content */ = {isa = PBXBuildFile; fileRef = 68DE712926669CDC0034B519 /* watchOSDemo WatchKit App.app */; settings = {ATTRIBUTES = (RemoveHeadersOnCopy, ); }; };
		68DE712F26669CDE0034B519 /* Assets.xcassets in Resources */ = {isa = PBXBuildFile; fileRef = 68DE712E26669CDE0034B519 /* Assets.xcassets */; };
		68DE713626669CDE0034B519 /* watchOSDemo WatchKit Extension.appex in Embed App Extensions */ = {isa = PBXBuildFile; fileRef = 68DE713526669CDE0034B519 /* watchOSDemo WatchKit Extension.appex */; settings = {ATTRIBUTES = (RemoveHeadersOnCopy, ); }; };
		68DE713B26669CDE0034B519 /* SwiftUI_SplitViewNavDemoApp.swift in Sources */ = {isa = PBXBuildFile; fileRef = 68DE713A26669CDE0034B519 /* SwiftUI_SplitViewNavDemoApp.swift */; };
		68DE713D26669CDE0034B519 /* ContentView.swift in Sources */ = {isa = PBXBuildFile; fileRef = 68DE713C26669CDE0034B519 /* ContentView.swift */; };
		68DE713F26669CDE0034B519 /* NotificationController.swift in Sources */ = {isa = PBXBuildFile; fileRef = 68DE713E26669CDE0034B519 /* NotificationController.swift */; };
		68DE714126669CDE0034B519 /* NotificationView.swift in Sources */ = {isa = PBXBuildFile; fileRef = 68DE714026669CDE0034B519 /* NotificationView.swift */; };
		68DE714326669CDE0034B519 /* ComplicationController.swift in Sources */ = {isa = PBXBuildFile; fileRef = 68DE714226669CDE0034B519 /* ComplicationController.swift */; };
		68DE714526669CDF0034B519 /* Assets.xcassets in Resources */ = {isa = PBXBuildFile; fileRef = 68DE714426669CDF0034B519 /* Assets.xcassets */; };
		68DE714826669CDF0034B519 /* Preview Assets.xcassets in Resources */ = {isa = PBXBuildFile; fileRef = 68DE714726669CDF0034B519 /* Preview Assets.xcassets */; };
		68DE715626669CFD0034B519 /* ViewLevel2.swift in Sources */ = {isa = PBXBuildFile; fileRef = 68DE710D2666557F0034B519 /* ViewLevel2.swift */; };
/* End PBXBuildFile section */

/* Begin PBXContainerItemProxy section */
		68DE712B26669CDC0034B519 /* PBXContainerItemProxy */ = {
			isa = PBXContainerItemProxy;
			containerPortal = 682953972665A592004918B9 /* Project object */;
			proxyType = 1;
			remoteGlobalIDString = 68DE712826669CDC0034B519;
			remoteInfo = "watchOSDemo WatchKit App";
		};
		68DE713726669CDE0034B519 /* PBXContainerItemProxy */ = {
			isa = PBXContainerItemProxy;
			containerPortal = 682953972665A592004918B9 /* Project object */;
			proxyType = 1;
			remoteGlobalIDString = 68DE713426669CDE0034B519;
			remoteInfo = "watchOSDemo WatchKit Extension";
		};
/* End PBXContainerItemProxy section */

/* Begin PBXCopyFilesBuildPhase section */
		68DE714E26669CDF0034B519 /* Embed App Extensions */ = {
			isa = PBXCopyFilesBuildPhase;
			buildActionMask = 2147483647;
			dstPath = "";
			dstSubfolderSpec = 13;
			files = (
				68DE713626669CDE0034B519 /* watchOSDemo WatchKit Extension.appex in Embed App Extensions */,
			);
			name = "Embed App Extensions";
			runOnlyForDeploymentPostprocessing = 0;
		};
		68DE715226669CDF0034B519 /* Embed Watch Content */ = {
			isa = PBXCopyFilesBuildPhase;
			buildActionMask = 2147483647;
			dstPath = "$(CONTENTS_FOLDER_PATH)/Watch";
			dstSubfolderSpec = 16;
			files = (
				68DE712A26669CDC0034B519 /* watchOSDemo WatchKit App.app in Embed Watch Content */,
			);
			name = "Embed Watch Content";
			runOnlyForDeploymentPostprocessing = 0;
		};
/* End PBXCopyFilesBuildPhase section */

/* Begin PBXFileReference section */
		681F1910266A6E0700DDBDB8 /* TabbedPageView.swift */ = {isa = PBXFileReference; lastKnownFileType = sourcecode.swift; path = TabbedPageView.swift; sourceTree = "<group>"; };
		681F1913266A760700DDBDB8 /* TabbedPageView.swift */ = {isa = PBXFileReference; fileEncoding = 4; lastKnownFileType = sourcecode.swift; path = TabbedPageView.swift; sourceTree = "<group>"; };
		681F192C266A7A1E00DDBDB8 /* NavigationStylesforMultiplatformApps13.gif */ = {isa = PBXFileReference; lastKnownFileType = image.gif; path = NavigationStylesforMultiplatformApps13.gif; sourceTree = "<group>"; };
		681F192D266A7A1E00DDBDB8 /* NavigationStylesforMultiplatformApps15.gif */ = {isa = PBXFileReference; lastKnownFileType = image.gif; path = NavigationStylesforMultiplatformApps15.gif; sourceTree = "<group>"; };
		681F192E266A7A1E00DDBDB8 /* NavigationStylesforMultiplatformApps20.gif */ = {isa = PBXFileReference; lastKnownFileType = image.gif; path = NavigationStylesforMultiplatformApps20.gif; sourceTree = "<group>"; };
		681F192F266A7A1E00DDBDB8 /* NavigationStylesforMultiplatformApps19.gif */ = {isa = PBXFileReference; lastKnownFileType = image.gif; path = NavigationStylesforMultiplatformApps19.gif; sourceTree = "<group>"; };
		681F1930266A7A1E00DDBDB8 /* NavigationStylesforMultiplatformApps7.gif */ = {isa = PBXFileReference; lastKnownFileType = image.gif; path = NavigationStylesforMultiplatformApps7.gif; sourceTree = "<group>"; };
		681F1931266A7A1E00DDBDB8 /* NavigationStylesforMultiplatformApps12.gif */ = {isa = PBXFileReference; lastKnownFileType = image.gif; path = NavigationStylesforMultiplatformApps12.gif; sourceTree = "<group>"; };
		681F1932266A7A1E00DDBDB8 /* NavigationStylesforMultiplatformApps6.gif */ = {isa = PBXFileReference; lastKnownFileType = image.gif; path = NavigationStylesforMultiplatformApps6.gif; sourceTree = "<group>"; };
		681F1933266A7A1E00DDBDB8 /* NavigationStylesforMultiplatformApps2.gif */ = {isa = PBXFileReference; lastKnownFileType = image.gif; path = NavigationStylesforMultiplatformApps2.gif; sourceTree = "<group>"; };
		681F1934266A7A1E00DDBDB8 /* NavigationStylesforMultiplatformApps17.png */ = {isa = PBXFileReference; lastKnownFileType = image.png; path = NavigationStylesforMultiplatformApps17.png; sourceTree = "<group>"; };
		681F1935266A7A1E00DDBDB8 /* NavigationStylesforMultiplatformApps3.gif */ = {isa = PBXFileReference; lastKnownFileType = image.gif; path = NavigationStylesforMultiplatformApps3.gif; sourceTree = "<group>"; };
		681F1936266A7A1E00DDBDB8 /* NavigationStylesforMultiplatformApps0.gif */ = {isa = PBXFileReference; lastKnownFileType = image.gif; path = NavigationStylesforMultiplatformApps0.gif; sourceTree = "<group>"; };
		681F1937266A7A1E00DDBDB8 /* NavigationStylesforMultiplatformApps1.gif */ = {isa = PBXFileReference; lastKnownFileType = image.gif; path = NavigationStylesforMultiplatformApps1.gif; sourceTree = "<group>"; };
		681F1938266A7A1E00DDBDB8 /* NavigationStylesforMultiplatformApps8.gif */ = {isa = PBXFileReference; lastKnownFileType = image.gif; path = NavigationStylesforMultiplatformApps8.gif; sourceTree = "<group>"; };
		681F1939266A7A1E00DDBDB8 /* NavigationStylesforMultiplatformApps9.gif */ = {isa = PBXFileReference; lastKnownFileType = image.gif; path = NavigationStylesforMultiplatformApps9.gif; sourceTree = "<group>"; };
		681F193A266A7A1E00DDBDB8 /* NavigationStylesforMultiplatformApps18.gif */ = {isa = PBXFileReference; lastKnownFileType = image.gif; path = NavigationStylesforMultiplatformApps18.gif; sourceTree = "<group>"; };
		681F193B266A7A1E00DDBDB8 /* NavigationStylesforMultiplatformApps10.gif */ = {isa = PBXFileReference; lastKnownFileType = image.gif; path = NavigationStylesforMultiplatformApps10.gif; sourceTree = "<group>"; };
		681F193C266A7A1E00DDBDB8 /* NavigationStylesforMultiplatformApps14.gif */ = {isa = PBXFileReference; lastKnownFileType = image.gif; path = NavigationStylesforMultiplatformApps14.gif; sourceTree = "<group>"; };
		681F193D266A7A1E00DDBDB8 /* NavigationStylesforMultiplatformApps16.png */ = {isa = PBXFileReference; lastKnownFileType = image.png; path = NavigationStylesforMultiplatformApps16.png; sourceTree = "<group>"; };
		681F193E266A7A1E00DDBDB8 /* NavigationStylesforMultiplatformApps4.gif */ = {isa = PBXFileReference; lastKnownFileType = image.gif; path = NavigationStylesforMultiplatformApps4.gif; sourceTree = "<group>"; };
		681F193F266A7A1E00DDBDB8 /* NavigationStylesforMultiplatformApps5.gif */ = {isa = PBXFileReference; lastKnownFileType = image.gif; path = NavigationStylesforMultiplatformApps5.gif; sourceTree = "<group>"; };
		681F1940266A7A1E00DDBDB8 /* NavigationStylesforMultiplatformApps11.png */ = {isa = PBXFileReference; lastKnownFileType = image.png; path = NavigationStylesforMultiplatformApps11.png; sourceTree = "<group>"; };
		681F1941266A7A5100DDBDB8 /* README.md */ = {isa = PBXFileReference; lastKnownFileType = net.daringfireball.markdown; path = README.md; sourceTree = "<group>"; };
		6829539C2665A592004918B9 /* SwiftUI_SplitViewNavDemoApp.swift */ = {isa = PBXFileReference; lastKnownFileType = sourcecode.swift; path = SwiftUI_SplitViewNavDemoApp.swift; sourceTree = "<group>"; };
		6829539D2665A592004918B9 /* ContentView.swift */ = {isa = PBXFileReference; lastKnownFileType = sourcecode.swift; path = ContentView.swift; sourceTree = "<group>"; };
		6829539E2665A594004918B9 /* Assets.xcassets */ = {isa = PBXFileReference; lastKnownFileType = folder.assetcatalog; path = Assets.xcassets; sourceTree = "<group>"; };
		682953A32665A594004918B9 /* SwiftUI-SplitViewNavDemo.app */ = {isa = PBXFileReference; explicitFileType = wrapper.application; includeInIndex = 0; path = "SwiftUI-SplitViewNavDemo.app"; sourceTree = BUILT_PRODUCTS_DIR; };
		682953A62665A594004918B9 /* Info.plist */ = {isa = PBXFileReference; lastKnownFileType = text.plist.xml; path = Info.plist; sourceTree = "<group>"; };
		682953AB2665A594004918B9 /* SwiftUI-SplitViewNavDemo.app */ = {isa = PBXFileReference; explicitFileType = wrapper.application; includeInIndex = 0; path = "SwiftUI-SplitViewNavDemo.app"; sourceTree = BUILT_PRODUCTS_DIR; };
		682953AD2665A594004918B9 /* Info.plist */ = {isa = PBXFileReference; lastKnownFileType = text.plist.xml; path = Info.plist; sourceTree = "<group>"; };
		682953AE2665A594004918B9 /* macOS.entitlements */ = {isa = PBXFileReference; lastKnownFileType = text.plist.entitlements; path = macOS.entitlements; sourceTree = "<group>"; };
		6872F75B2666FDAF009E8E03 /* SidebarView.swift */ = {isa = PBXFileReference; lastKnownFileType = sourcecode.swift; path = SidebarView.swift; sourceTree = "<group>"; };
		68C60A79266842EF009CD35C /* ListView.swift */ = {isa = PBXFileReference; fileEncoding = 4; lastKnownFileType = sourcecode.swift; path = ListView.swift; sourceTree = "<group>"; };
		68DE710D2666557F0034B519 /* ViewLevel2.swift */ = {isa = PBXFileReference; lastKnownFileType = sourcecode.swift; path = ViewLevel2.swift; sourceTree = "<group>"; };
		68DE711426669BCB0034B519 /* tvOSDemo.app */ = {isa = PBXFileReference; explicitFileType = wrapper.application; includeInIndex = 0; path = tvOSDemo.app; sourceTree = BUILT_PRODUCTS_DIR; };
		68DE711826669BCB0034B519 /* ContentView.swift */ = {isa = PBXFileReference; lastKnownFileType = sourcecode.swift; path = ContentView.swift; sourceTree = "<group>"; };
		68DE711A26669BCD0034B519 /* Assets.xcassets */ = {isa = PBXFileReference; lastKnownFileType = folder.assetcatalog; path = Assets.xcassets; sourceTree = "<group>"; };
		68DE711D26669BCD0034B519 /* Preview Assets.xcassets */ = {isa = PBXFileReference; lastKnownFileType = folder.assetcatalog; path = "Preview Assets.xcassets"; sourceTree = "<group>"; };
		68DE711F26669BCD0034B519 /* Info.plist */ = {isa = PBXFileReference; lastKnownFileType = text.plist.xml; path = Info.plist; sourceTree = "<group>"; };
		68DE712626669CDC0034B519 /* watchOSDemo.app */ = {isa = PBXFileReference; explicitFileType = wrapper.application; includeInIndex = 0; path = watchOSDemo.app; sourceTree = BUILT_PRODUCTS_DIR; };
		68DE712926669CDC0034B519 /* watchOSDemo WatchKit App.app */ = {isa = PBXFileReference; explicitFileType = wrapper.application; includeInIndex = 0; path = "watchOSDemo WatchKit App.app"; sourceTree = BUILT_PRODUCTS_DIR; };
		68DE712E26669CDE0034B519 /* Assets.xcassets */ = {isa = PBXFileReference; lastKnownFileType = folder.assetcatalog; path = Assets.xcassets; sourceTree = "<group>"; };
		68DE713026669CDE0034B519 /* Info.plist */ = {isa = PBXFileReference; lastKnownFileType = text.plist.xml; path = Info.plist; sourceTree = "<group>"; };
		68DE713526669CDE0034B519 /* watchOSDemo WatchKit Extension.appex */ = {isa = PBXFileReference; explicitFileType = "wrapper.app-extension"; includeInIndex = 0; path = "watchOSDemo WatchKit Extension.appex"; sourceTree = BUILT_PRODUCTS_DIR; };
		68DE713A26669CDE0034B519 /* SwiftUI_SplitViewNavDemoApp.swift */ = {isa = PBXFileReference; lastKnownFileType = sourcecode.swift; path = SwiftUI_SplitViewNavDemoApp.swift; sourceTree = "<group>"; };
		68DE713C26669CDE0034B519 /* ContentView.swift */ = {isa = PBXFileReference; lastKnownFileType = sourcecode.swift; path = ContentView.swift; sourceTree = "<group>"; };
		68DE713E26669CDE0034B519 /* NotificationController.swift */ = {isa = PBXFileReference; lastKnownFileType = sourcecode.swift; path = NotificationController.swift; sourceTree = "<group>"; };
		68DE714026669CDE0034B519 /* NotificationView.swift */ = {isa = PBXFileReference; lastKnownFileType = sourcecode.swift; path = NotificationView.swift; sourceTree = "<group>"; };
		68DE714226669CDE0034B519 /* ComplicationController.swift */ = {isa = PBXFileReference; lastKnownFileType = sourcecode.swift; path = ComplicationController.swift; sourceTree = "<group>"; };
		68DE714426669CDF0034B519 /* Assets.xcassets */ = {isa = PBXFileReference; lastKnownFileType = folder.assetcatalog; path = Assets.xcassets; sourceTree = "<group>"; };
		68DE714726669CDF0034B519 /* Preview Assets.xcassets */ = {isa = PBXFileReference; lastKnownFileType = folder.assetcatalog; path = "Preview Assets.xcassets"; sourceTree = "<group>"; };
		68DE714926669CDF0034B519 /* Info.plist */ = {isa = PBXFileReference; lastKnownFileType = text.plist.xml; path = Info.plist; sourceTree = "<group>"; };
		68DE714A26669CDF0034B519 /* PushNotificationPayload.apns */ = {isa = PBXFileReference; lastKnownFileType = text; path = PushNotificationPayload.apns; sourceTree = "<group>"; };
/* End PBXFileReference section */

/* Begin PBXFrameworksBuildPhase section */
		682953A02665A594004918B9 /* Frameworks */ = {
			isa = PBXFrameworksBuildPhase;
			buildActionMask = 2147483647;
			files = (
			);
			runOnlyForDeploymentPostprocessing = 0;
		};
		682953A82665A594004918B9 /* Frameworks */ = {
			isa = PBXFrameworksBuildPhase;
			buildActionMask = 2147483647;
			files = (
			);
			runOnlyForDeploymentPostprocessing = 0;
		};
		68DE711126669BCB0034B519 /* Frameworks */ = {
			isa = PBXFrameworksBuildPhase;
			buildActionMask = 2147483647;
			files = (
			);
			runOnlyForDeploymentPostprocessing = 0;
		};
		68DE713226669CDE0034B519 /* Frameworks */ = {
			isa = PBXFrameworksBuildPhase;
			buildActionMask = 2147483647;
			files = (
			);
			runOnlyForDeploymentPostprocessing = 0;
		};
/* End PBXFrameworksBuildPhase section */

/* Begin PBXGroup section */
		681F1916266A78D400DDBDB8 /* readme-assets */ = {
			isa = PBXGroup;
			children = (
				681F1936266A7A1E00DDBDB8 /* NavigationStylesforMultiplatformApps0.gif */,
				681F1937266A7A1E00DDBDB8 /* NavigationStylesforMultiplatformApps1.gif */,
				681F1933266A7A1E00DDBDB8 /* NavigationStylesforMultiplatformApps2.gif */,
				681F1935266A7A1E00DDBDB8 /* NavigationStylesforMultiplatformApps3.gif */,
				681F193E266A7A1E00DDBDB8 /* NavigationStylesforMultiplatformApps4.gif */,
				681F193F266A7A1E00DDBDB8 /* NavigationStylesforMultiplatformApps5.gif */,
				681F1932266A7A1E00DDBDB8 /* NavigationStylesforMultiplatformApps6.gif */,
				681F1930266A7A1E00DDBDB8 /* NavigationStylesforMultiplatformApps7.gif */,
				681F1938266A7A1E00DDBDB8 /* NavigationStylesforMultiplatformApps8.gif */,
				681F1939266A7A1E00DDBDB8 /* NavigationStylesforMultiplatformApps9.gif */,
				681F193B266A7A1E00DDBDB8 /* NavigationStylesforMultiplatformApps10.gif */,
				681F1940266A7A1E00DDBDB8 /* NavigationStylesforMultiplatformApps11.png */,
				681F1931266A7A1E00DDBDB8 /* NavigationStylesforMultiplatformApps12.gif */,
				681F192C266A7A1E00DDBDB8 /* NavigationStylesforMultiplatformApps13.gif */,
				681F193C266A7A1E00DDBDB8 /* NavigationStylesforMultiplatformApps14.gif */,
				681F192D266A7A1E00DDBDB8 /* NavigationStylesforMultiplatformApps15.gif */,
				681F193D266A7A1E00DDBDB8 /* NavigationStylesforMultiplatformApps16.png */,
				681F1934266A7A1E00DDBDB8 /* NavigationStylesforMultiplatformApps17.png */,
				681F193A266A7A1E00DDBDB8 /* NavigationStylesforMultiplatformApps18.gif */,
				681F192F266A7A1E00DDBDB8 /* NavigationStylesforMultiplatformApps19.gif */,
				681F192E266A7A1E00DDBDB8 /* NavigationStylesforMultiplatformApps20.gif */,
			);
			path = "readme-assets";
			sourceTree = "<group>";
		};
		682953962665A592004918B9 = {
			isa = PBXGroup;
			children = (
				681F1941266A7A5100DDBDB8 /* README.md */,
				681F1916266A78D400DDBDB8 /* readme-assets */,
				6829539B2665A592004918B9 /* Shared */,
				682953A52665A594004918B9 /* iOS */,
				682953AC2665A594004918B9 /* macOS */,
				68DE711526669BCB0034B519 /* tvOSDemo */,
				68DE712D26669CDC0034B519 /* watchOSDemo WatchKit App */,
				68DE713926669CDE0034B519 /* watchOSDemo WatchKit Extension */,
				682953A42665A594004918B9 /* Products */,
			);
			sourceTree = "<group>";
		};
		6829539B2665A592004918B9 /* Shared */ = {
			isa = PBXGroup;
			children = (
				6829539D2665A592004918B9 /* ContentView.swift */,
				68C60A79266842EF009CD35C /* ListView.swift */,
				6872F75B2666FDAF009E8E03 /* SidebarView.swift */,
				6829539C2665A592004918B9 /* SwiftUI_SplitViewNavDemoApp.swift */,
				681F1910266A6E0700DDBDB8 /* TabbedPageView.swift */,
				68DE710D2666557F0034B519 /* ViewLevel2.swift */,
				6829539E2665A594004918B9 /* Assets.xcassets */,
			);
			path = Shared;
			sourceTree = "<group>";
		};
		682953A42665A594004918B9 /* Products */ = {
			isa = PBXGroup;
			children = (
				682953A32665A594004918B9 /* SwiftUI-SplitViewNavDemo.app */,
				682953AB2665A594004918B9 /* SwiftUI-SplitViewNavDemo.app */,
				68DE711426669BCB0034B519 /* tvOSDemo.app */,
				68DE712626669CDC0034B519 /* watchOSDemo.app */,
				68DE712926669CDC0034B519 /* watchOSDemo WatchKit App.app */,
				68DE713526669CDE0034B519 /* watchOSDemo WatchKit Extension.appex */,
			);
			name = Products;
			sourceTree = "<group>";
		};
		682953A52665A594004918B9 /* iOS */ = {
			isa = PBXGroup;
			children = (
				682953A62665A594004918B9 /* Info.plist */,
			);
			path = iOS;
			sourceTree = "<group>";
		};
		682953AC2665A594004918B9 /* macOS */ = {
			isa = PBXGroup;
			children = (
				681F1913266A760700DDBDB8 /* TabbedPageView.swift */,
				682953AE2665A594004918B9 /* macOS.entitlements */,
				682953AD2665A594004918B9 /* Info.plist */,
			);
			path = macOS;
			sourceTree = "<group>";
		};
		68DE711526669BCB0034B519 /* tvOSDemo */ = {
			isa = PBXGroup;
			children = (
				68DE711826669BCB0034B519 /* ContentView.swift */,
				68DE711A26669BCD0034B519 /* Assets.xcassets */,
				68DE711F26669BCD0034B519 /* Info.plist */,
				68DE711C26669BCD0034B519 /* Preview Content */,
			);
			path = tvOSDemo;
			sourceTree = "<group>";
		};
		68DE711C26669BCD0034B519 /* Preview Content */ = {
			isa = PBXGroup;
			children = (
				68DE711D26669BCD0034B519 /* Preview Assets.xcassets */,
			);
			path = "Preview Content";
			sourceTree = "<group>";
		};
		68DE712D26669CDC0034B519 /* watchOSDemo WatchKit App */ = {
			isa = PBXGroup;
			children = (
				68DE712E26669CDE0034B519 /* Assets.xcassets */,
				68DE713026669CDE0034B519 /* Info.plist */,
			);
			path = "watchOSDemo WatchKit App";
			sourceTree = "<group>";
		};
		68DE713926669CDE0034B519 /* watchOSDemo WatchKit Extension */ = {
			isa = PBXGroup;
			children = (
				68DE713A26669CDE0034B519 /* SwiftUI_SplitViewNavDemoApp.swift */,
				68DE713C26669CDE0034B519 /* ContentView.swift */,
				68DE713E26669CDE0034B519 /* NotificationController.swift */,
				68DE714026669CDE0034B519 /* NotificationView.swift */,
				68DE714226669CDE0034B519 /* ComplicationController.swift */,
				68DE714426669CDF0034B519 /* Assets.xcassets */,
				68DE714926669CDF0034B519 /* Info.plist */,
				68DE714A26669CDF0034B519 /* PushNotificationPayload.apns */,
				68DE714626669CDF0034B519 /* Preview Content */,
			);
			path = "watchOSDemo WatchKit Extension";
			sourceTree = "<group>";
		};
		68DE714626669CDF0034B519 /* Preview Content */ = {
			isa = PBXGroup;
			children = (
				68DE714726669CDF0034B519 /* Preview Assets.xcassets */,
			);
			path = "Preview Content";
			sourceTree = "<group>";
		};
/* End PBXGroup section */

/* Begin PBXNativeTarget section */
		682953A22665A594004918B9 /* SwiftUI-SplitViewNavDemo (iOS) */ = {
			isa = PBXNativeTarget;
			buildConfigurationList = 682953B72665A594004918B9 /* Build configuration list for PBXNativeTarget "SwiftUI-SplitViewNavDemo (iOS)" */;
			buildPhases = (
				6829539F2665A594004918B9 /* Sources */,
				682953A02665A594004918B9 /* Frameworks */,
				682953A12665A594004918B9 /* Resources */,
			);
			buildRules = (
			);
			dependencies = (
			);
			name = "SwiftUI-SplitViewNavDemo (iOS)";
			productName = "SwiftUI-SplitViewNavDemo (iOS)";
			productReference = 682953A32665A594004918B9 /* SwiftUI-SplitViewNavDemo.app */;
			productType = "com.apple.product-type.application";
		};
		682953AA2665A594004918B9 /* SwiftUI-SplitViewNavDemo (macOS) */ = {
			isa = PBXNativeTarget;
			buildConfigurationList = 682953BA2665A594004918B9 /* Build configuration list for PBXNativeTarget "SwiftUI-SplitViewNavDemo (macOS)" */;
			buildPhases = (
				682953A72665A594004918B9 /* Sources */,
				682953A82665A594004918B9 /* Frameworks */,
				682953A92665A594004918B9 /* Resources */,
			);
			buildRules = (
			);
			dependencies = (
			);
			name = "SwiftUI-SplitViewNavDemo (macOS)";
			productName = "SwiftUI-SplitViewNavDemo (macOS)";
			productReference = 682953AB2665A594004918B9 /* SwiftUI-SplitViewNavDemo.app */;
			productType = "com.apple.product-type.application";
		};
		68DE711326669BCB0034B519 /* tvOSDemo */ = {
			isa = PBXNativeTarget;
			buildConfigurationList = 68DE712026669BCD0034B519 /* Build configuration list for PBXNativeTarget "tvOSDemo" */;
			buildPhases = (
				68DE711026669BCB0034B519 /* Sources */,
				68DE711126669BCB0034B519 /* Frameworks */,
				68DE711226669BCB0034B519 /* Resources */,
			);
			buildRules = (
			);
			dependencies = (
			);
			name = tvOSDemo;
			productName = tvOSDemo;
			productReference = 68DE711426669BCB0034B519 /* tvOSDemo.app */;
			productType = "com.apple.product-type.application";
		};
		68DE712526669CDC0034B519 /* watchOSDemo */ = {
			isa = PBXNativeTarget;
			buildConfigurationList = 68DE715326669CDF0034B519 /* Build configuration list for PBXNativeTarget "watchOSDemo" */;
			buildPhases = (
				68DE712426669CDC0034B519 /* Resources */,
				68DE715226669CDF0034B519 /* Embed Watch Content */,
			);
			buildRules = (
			);
			dependencies = (
				68DE712C26669CDC0034B519 /* PBXTargetDependency */,
			);
			name = watchOSDemo;
			productName = watchOSDemo;
			productReference = 68DE712626669CDC0034B519 /* watchOSDemo.app */;
			productType = "com.apple.product-type.application.watchapp2-container";
		};
		68DE712826669CDC0034B519 /* watchOSDemo WatchKit App */ = {
			isa = PBXNativeTarget;
			buildConfigurationList = 68DE714F26669CDF0034B519 /* Build configuration list for PBXNativeTarget "watchOSDemo WatchKit App" */;
			buildPhases = (
				68DE712726669CDC0034B519 /* Resources */,
				68DE714E26669CDF0034B519 /* Embed App Extensions */,
			);
			buildRules = (
			);
			dependencies = (
				68DE713826669CDE0034B519 /* PBXTargetDependency */,
			);
			name = "watchOSDemo WatchKit App";
			productName = "watchOSDemo WatchKit App";
			productReference = 68DE712926669CDC0034B519 /* watchOSDemo WatchKit App.app */;
			productType = "com.apple.product-type.application.watchapp2";
		};
		68DE713426669CDE0034B519 /* watchOSDemo WatchKit Extension */ = {
			isa = PBXNativeTarget;
			buildConfigurationList = 68DE714B26669CDF0034B519 /* Build configuration list for PBXNativeTarget "watchOSDemo WatchKit Extension" */;
			buildPhases = (
				68DE713126669CDE0034B519 /* Sources */,
				68DE713226669CDE0034B519 /* Frameworks */,
				68DE713326669CDE0034B519 /* Resources */,
			);
			buildRules = (
			);
			dependencies = (
			);
			name = "watchOSDemo WatchKit Extension";
			productName = "watchOSDemo WatchKit Extension";
			productReference = 68DE713526669CDE0034B519 /* watchOSDemo WatchKit Extension.appex */;
			productType = "com.apple.product-type.watchkit2-extension";
		};
/* End PBXNativeTarget section */

/* Begin PBXProject section */
		682953972665A592004918B9 /* Project object */ = {
			isa = PBXProject;
			attributes = {
				LastSwiftUpdateCheck = 1250;
				LastUpgradeCheck = 1300;
				TargetAttributes = {
					682953A22665A594004918B9 = {
						CreatedOnToolsVersion = 12.5;
					};
					682953AA2665A594004918B9 = {
						CreatedOnToolsVersion = 12.5;
					};
					68DE711326669BCB0034B519 = {
						CreatedOnToolsVersion = 12.5;
					};
					68DE712526669CDC0034B519 = {
						CreatedOnToolsVersion = 12.5;
					};
					68DE712826669CDC0034B519 = {
						CreatedOnToolsVersion = 12.5;
					};
					68DE713426669CDE0034B519 = {
						CreatedOnToolsVersion = 12.5;
					};
				};
			};
			buildConfigurationList = 6829539A2665A592004918B9 /* Build configuration list for PBXProject "SwiftUI-SplitViewNavDemo" */;
			compatibilityVersion = "Xcode 9.3";
			developmentRegion = en;
			hasScannedForEncodings = 0;
			knownRegions = (
				en,
				Base,
			);
			mainGroup = 682953962665A592004918B9;
			productRefGroup = 682953A42665A594004918B9 /* Products */;
			projectDirPath = "";
			projectRoot = "";
			targets = (
				682953A22665A594004918B9 /* SwiftUI-SplitViewNavDemo (iOS) */,
				682953AA2665A594004918B9 /* SwiftUI-SplitViewNavDemo (macOS) */,
				68DE711326669BCB0034B519 /* tvOSDemo */,
				68DE712526669CDC0034B519 /* watchOSDemo */,
				68DE712826669CDC0034B519 /* watchOSDemo WatchKit App */,
				68DE713426669CDE0034B519 /* watchOSDemo WatchKit Extension */,
			);
		};
/* End PBXProject section */

/* Begin PBXResourcesBuildPhase section */
		682953A12665A594004918B9 /* Resources */ = {
			isa = PBXResourcesBuildPhase;
			buildActionMask = 2147483647;
			files = (
				682953B32665A594004918B9 /* Assets.xcassets in Resources */,
			);
			runOnlyForDeploymentPostprocessing = 0;
		};
		682953A92665A594004918B9 /* Resources */ = {
			isa = PBXResourcesBuildPhase;
			buildActionMask = 2147483647;
			files = (
				682953B42665A594004918B9 /* Assets.xcassets in Resources */,
			);
			runOnlyForDeploymentPostprocessing = 0;
		};
		68DE711226669BCB0034B519 /* Resources */ = {
			isa = PBXResourcesBuildPhase;
			buildActionMask = 2147483647;
			files = (
				68DE711E26669BCD0034B519 /* Preview Assets.xcassets in Resources */,
				68DE711B26669BCD0034B519 /* Assets.xcassets in Resources */,
			);
			runOnlyForDeploymentPostprocessing = 0;
		};
		68DE712426669CDC0034B519 /* Resources */ = {
			isa = PBXResourcesBuildPhase;
			buildActionMask = 2147483647;
			files = (
			);
			runOnlyForDeploymentPostprocessing = 0;
		};
		68DE712726669CDC0034B519 /* Resources */ = {
			isa = PBXResourcesBuildPhase;
			buildActionMask = 2147483647;
			files = (
				68DE712F26669CDE0034B519 /* Assets.xcassets in Resources */,
			);
			runOnlyForDeploymentPostprocessing = 0;
		};
		68DE713326669CDE0034B519 /* Resources */ = {
			isa = PBXResourcesBuildPhase;
			buildActionMask = 2147483647;
			files = (
				68DE714826669CDF0034B519 /* Preview Assets.xcassets in Resources */,
				68DE714526669CDF0034B519 /* Assets.xcassets in Resources */,
			);
			runOnlyForDeploymentPostprocessing = 0;
		};
/* End PBXResourcesBuildPhase section */

/* Begin PBXSourcesBuildPhase section */
		6829539F2665A594004918B9 /* Sources */ = {
			isa = PBXSourcesBuildPhase;
			buildActionMask = 2147483647;
			files = (
				68DE710E2666557F0034B519 /* ViewLevel2.swift in Sources */,
				682953B12665A594004918B9 /* ContentView.swift in Sources */,
				68C60A7A266842EF009CD35C /* ListView.swift in Sources */,
				6872F75C2666FDAF009E8E03 /* SidebarView.swift in Sources */,
				681F1911266A6E0700DDBDB8 /* TabbedPageView.swift in Sources */,
				682953AF2665A594004918B9 /* SwiftUI_SplitViewNavDemoApp.swift in Sources */,
			);
			runOnlyForDeploymentPostprocessing = 0;
		};
		682953A72665A594004918B9 /* Sources */ = {
			isa = PBXSourcesBuildPhase;
			buildActionMask = 2147483647;
			files = (
				687DF3C326691F74004F18DF /* ListView.swift in Sources */,
				687DF3C426691F77004F18DF /* ContentView.swift in Sources */,
				681F1914266A760700DDBDB8 /* TabbedPageView.swift in Sources */,
				68DE710F26667D6B0034B519 /* ViewLevel2.swift in Sources */,
				682953B02665A594004918B9 /* SwiftUI_SplitViewNavDemoApp.swift in Sources */,
				687DF3C226691F6F004F18DF /* SidebarView.swift in Sources */,
			);
			runOnlyForDeploymentPostprocessing = 0;
		};
		68DE711026669BCB0034B519 /* Sources */ = {
			isa = PBXSourcesBuildPhase;
			buildActionMask = 2147483647;
			files = (
				68310AE727F8A7D4008391C0 /* SwiftUI_SplitViewNavDemoApp.swift in Sources */,
				68310AE927F8A810008391C0 /* TabbedPageView.swift in Sources */,
				68310AEA27F8A85D008391C0 /* ListView.swift in Sources */,
				68310AE827F8A800008391C0 /* SidebarView.swift in Sources */,
				68DE712326669C3F0034B519 /* ViewLevel2.swift in Sources */,
				68DE711926669BCB0034B519 /* ContentView.swift in Sources */,
			);
			runOnlyForDeploymentPostprocessing = 0;
		};
		68DE713126669CDE0034B519 /* Sources */ = {
			isa = PBXSourcesBuildPhase;
			buildActionMask = 2147483647;
			files = (
				68DE715626669CFD0034B519 /* ViewLevel2.swift in Sources */,
				68DE713F26669CDE0034B519 /* NotificationController.swift in Sources */,
				68DE713D26669CDE0034B519 /* ContentView.swift in Sources */,
				68DE714326669CDE0034B519 /* ComplicationController.swift in Sources */,
				68DE713B26669CDE0034B519 /* SwiftUI_SplitViewNavDemoApp.swift in Sources */,
				68DE714126669CDE0034B519 /* NotificationView.swift in Sources */,
			);
			runOnlyForDeploymentPostprocessing = 0;
		};
/* End PBXSourcesBuildPhase section */

/* Begin PBXTargetDependency section */
		68DE712C26669CDC0034B519 /* PBXTargetDependency */ = {
			isa = PBXTargetDependency;
			target = 68DE712826669CDC0034B519 /* watchOSDemo WatchKit App */;
			targetProxy = 68DE712B26669CDC0034B519 /* PBXContainerItemProxy */;
		};
		68DE713826669CDE0034B519 /* PBXTargetDependency */ = {
			isa = PBXTargetDependency;
			target = 68DE713426669CDE0034B519 /* watchOSDemo WatchKit Extension */;
			targetProxy = 68DE713726669CDE0034B519 /* PBXContainerItemProxy */;
		};
/* End PBXTargetDependency section */

/* Begin XCBuildConfiguration section */
		682953B52665A594004918B9 /* Debug */ = {
			isa = XCBuildConfiguration;
			buildSettings = {
				ALWAYS_SEARCH_USER_PATHS = NO;
				CLANG_ANALYZER_NONNULL = YES;
				CLANG_ANALYZER_NUMBER_OBJECT_CONVERSION = YES_AGGRESSIVE;
				CLANG_CXX_LANGUAGE_STANDARD = "gnu++14";
				CLANG_CXX_LIBRARY = "libc++";
				CLANG_ENABLE_MODULES = YES;
				CLANG_ENABLE_OBJC_ARC = YES;
				CLANG_ENABLE_OBJC_WEAK = YES;
				CLANG_WARN_BLOCK_CAPTURE_AUTORELEASING = YES;
				CLANG_WARN_BOOL_CONVERSION = YES;
				CLANG_WARN_COMMA = YES;
				CLANG_WARN_CONSTANT_CONVERSION = YES;
				CLANG_WARN_DEPRECATED_OBJC_IMPLEMENTATIONS = YES;
				CLANG_WARN_DIRECT_OBJC_ISA_USAGE = YES_ERROR;
				CLANG_WARN_DOCUMENTATION_COMMENTS = YES;
				CLANG_WARN_EMPTY_BODY = YES;
				CLANG_WARN_ENUM_CONVERSION = YES;
				CLANG_WARN_INFINITE_RECURSION = YES;
				CLANG_WARN_INT_CONVERSION = YES;
				CLANG_WARN_NON_LITERAL_NULL_CONVERSION = YES;
				CLANG_WARN_OBJC_IMPLICIT_RETAIN_SELF = YES;
				CLANG_WARN_OBJC_LITERAL_CONVERSION = YES;
				CLANG_WARN_OBJC_ROOT_CLASS = YES_ERROR;
				CLANG_WARN_QUOTED_INCLUDE_IN_FRAMEWORK_HEADER = YES;
				CLANG_WARN_RANGE_LOOP_ANALYSIS = YES;
				CLANG_WARN_STRICT_PROTOTYPES = YES;
				CLANG_WARN_SUSPICIOUS_MOVE = YES;
				CLANG_WARN_UNGUARDED_AVAILABILITY = YES_AGGRESSIVE;
				CLANG_WARN_UNREACHABLE_CODE = YES;
				CLANG_WARN__DUPLICATE_METHOD_MATCH = YES;
				COPY_PHASE_STRIP = NO;
				DEBUG_INFORMATION_FORMAT = dwarf;
				ENABLE_STRICT_OBJC_MSGSEND = YES;
				ENABLE_TESTABILITY = YES;
				GCC_C_LANGUAGE_STANDARD = gnu11;
				GCC_DYNAMIC_NO_PIC = NO;
				GCC_NO_COMMON_BLOCKS = YES;
				GCC_OPTIMIZATION_LEVEL = 0;
				GCC_PREPROCESSOR_DEFINITIONS = (
					"DEBUG=1",
					"$(inherited)",
				);
				GCC_WARN_64_TO_32_BIT_CONVERSION = YES;
				GCC_WARN_ABOUT_RETURN_TYPE = YES_ERROR;
				GCC_WARN_UNDECLARED_SELECTOR = YES;
				GCC_WARN_UNINITIALIZED_AUTOS = YES_AGGRESSIVE;
				GCC_WARN_UNUSED_FUNCTION = YES;
				GCC_WARN_UNUSED_VARIABLE = YES;
				MTL_ENABLE_DEBUG_INFO = INCLUDE_SOURCE;
				MTL_FAST_MATH = YES;
				ONLY_ACTIVE_ARCH = YES;
				SWIFT_ACTIVE_COMPILATION_CONDITIONS = DEBUG;
				SWIFT_OPTIMIZATION_LEVEL = "-Onone";
			};
			name = Debug;
		};
		682953B62665A594004918B9 /* Release */ = {
			isa = XCBuildConfiguration;
			buildSettings = {
				ALWAYS_SEARCH_USER_PATHS = NO;
				CLANG_ANALYZER_NONNULL = YES;
				CLANG_ANALYZER_NUMBER_OBJECT_CONVERSION = YES_AGGRESSIVE;
				CLANG_CXX_LANGUAGE_STANDARD = "gnu++14";
				CLANG_CXX_LIBRARY = "libc++";
				CLANG_ENABLE_MODULES = YES;
				CLANG_ENABLE_OBJC_ARC = YES;
				CLANG_ENABLE_OBJC_WEAK = YES;
				CLANG_WARN_BLOCK_CAPTURE_AUTORELEASING = YES;
				CLANG_WARN_BOOL_CONVERSION = YES;
				CLANG_WARN_COMMA = YES;
				CLANG_WARN_CONSTANT_CONVERSION = YES;
				CLANG_WARN_DEPRECATED_OBJC_IMPLEMENTATIONS = YES;
				CLANG_WARN_DIRECT_OBJC_ISA_USAGE = YES_ERROR;
				CLANG_WARN_DOCUMENTATION_COMMENTS = YES;
				CLANG_WARN_EMPTY_BODY = YES;
				CLANG_WARN_ENUM_CONVERSION = YES;
				CLANG_WARN_INFINITE_RECURSION = YES;
				CLANG_WARN_INT_CONVERSION = YES;
				CLANG_WARN_NON_LITERAL_NULL_CONVERSION = YES;
				CLANG_WARN_OBJC_IMPLICIT_RETAIN_SELF = YES;
				CLANG_WARN_OBJC_LITERAL_CONVERSION = YES;
				CLANG_WARN_OBJC_ROOT_CLASS = YES_ERROR;
				CLANG_WARN_QUOTED_INCLUDE_IN_FRAMEWORK_HEADER = YES;
				CLANG_WARN_RANGE_LOOP_ANALYSIS = YES;
				CLANG_WARN_STRICT_PROTOTYPES = YES;
				CLANG_WARN_SUSPICIOUS_MOVE = YES;
				CLANG_WARN_UNGUARDED_AVAILABILITY = YES_AGGRESSIVE;
				CLANG_WARN_UNREACHABLE_CODE = YES;
				CLANG_WARN__DUPLICATE_METHOD_MATCH = YES;
				COPY_PHASE_STRIP = NO;
				DEBUG_INFORMATION_FORMAT = "dwarf-with-dsym";
				ENABLE_NS_ASSERTIONS = NO;
				ENABLE_STRICT_OBJC_MSGSEND = YES;
				GCC_C_LANGUAGE_STANDARD = gnu11;
				GCC_NO_COMMON_BLOCKS = YES;
				GCC_WARN_64_TO_32_BIT_CONVERSION = YES;
				GCC_WARN_ABOUT_RETURN_TYPE = YES_ERROR;
				GCC_WARN_UNDECLARED_SELECTOR = YES;
				GCC_WARN_UNINITIALIZED_AUTOS = YES_AGGRESSIVE;
				GCC_WARN_UNUSED_FUNCTION = YES;
				GCC_WARN_UNUSED_VARIABLE = YES;
				MTL_ENABLE_DEBUG_INFO = NO;
				MTL_FAST_MATH = YES;
				SWIFT_COMPILATION_MODE = wholemodule;
				SWIFT_OPTIMIZATION_LEVEL = "-O";
			};
			name = Release;
		};
		682953B82665A594004918B9 /* Debug */ = {
			isa = XCBuildConfiguration;
			buildSettings = {
				ASSETCATALOG_COMPILER_APPICON_NAME = AppIcon;
				ASSETCATALOG_COMPILER_GLOBAL_ACCENT_COLOR_NAME = AccentColor;
				CODE_SIGN_STYLE = Automatic;
				DEVELOPMENT_TEAM = R6BE99W3FU;
				ENABLE_PREVIEWS = YES;
				INFOPLIST_FILE = iOS/Info.plist;
				IPHONEOS_DEPLOYMENT_TARGET = 16.0;
				LD_RUNPATH_SEARCH_PATHS = (
					"$(inherited)",
					"@executable_path/Frameworks",
				);
				PRODUCT_BUNDLE_IDENTIFIER = "com.rarcher.SwiftUI-SplitViewNavDemo";
				PRODUCT_NAME = "SwiftUI-SplitViewNavDemo";
				SDKROOT = iphoneos;
				SUPPORTED_PLATFORMS = "iphoneos iphonesimulator";
				SUPPORTS_MACCATALYST = NO;
				SUPPORTS_MAC_DESIGNED_FOR_IPHONE_IPAD = NO;
				SWIFT_VERSION = 5.0;
				TARGETED_DEVICE_FAMILY = "1,2";
			};
			name = Debug;
		};
		682953B92665A594004918B9 /* Release */ = {
			isa = XCBuildConfiguration;
			buildSettings = {
				ASSETCATALOG_COMPILER_APPICON_NAME = AppIcon;
				ASSETCATALOG_COMPILER_GLOBAL_ACCENT_COLOR_NAME = AccentColor;
				CODE_SIGN_STYLE = Automatic;
				DEVELOPMENT_TEAM = R6BE99W3FU;
				ENABLE_PREVIEWS = YES;
				INFOPLIST_FILE = iOS/Info.plist;
				IPHONEOS_DEPLOYMENT_TARGET = 16.0;
				LD_RUNPATH_SEARCH_PATHS = (
					"$(inherited)",
					"@executable_path/Frameworks",
				);
				PRODUCT_BUNDLE_IDENTIFIER = "com.rarcher.SwiftUI-SplitViewNavDemo";
				PRODUCT_NAME = "SwiftUI-SplitViewNavDemo";
				SDKROOT = iphoneos;
				SUPPORTED_PLATFORMS = "iphoneos iphonesimulator";
				SUPPORTS_MACCATALYST = NO;
				SUPPORTS_MAC_DESIGNED_FOR_IPHONE_IPAD = NO;
				SWIFT_VERSION = 5.0;
				TARGETED_DEVICE_FAMILY = "1,2";
				VALIDATE_PRODUCT = YES;
			};
			name = Release;
		};
		682953BB2665A594004918B9 /* Debug */ = {
			isa = XCBuildConfiguration;
			buildSettings = {
				ASSETCATALOG_COMPILER_APPICON_NAME = AppIcon;
				ASSETCATALOG_COMPILER_GLOBAL_ACCENT_COLOR_NAME = AccentColor;
				CODE_SIGN_ENTITLEMENTS = macOS/macOS.entitlements;
				CODE_SIGN_IDENTITY = "-";
				CODE_SIGN_STYLE = Automatic;
				COMBINE_HIDPI_IMAGES = YES;
				DEVELOPMENT_TEAM = R6BE99W3FU;
				ENABLE_HARDENED_RUNTIME = YES;
				ENABLE_PREVIEWS = YES;
				INFOPLIST_FILE = macOS/Info.plist;
				LD_RUNPATH_SEARCH_PATHS = (
					"$(inherited)",
					"@executable_path/../Frameworks",
				);
				MACOSX_DEPLOYMENT_TARGET = 11.5;
				PRODUCT_BUNDLE_IDENTIFIER = "com.rarcher.SwiftUI-SplitViewNavDemo";
				PRODUCT_NAME = "SwiftUI-SplitViewNavDemo";
				SDKROOT = macosx;
				SWIFT_VERSION = 5.0;
			};
			name = Debug;
		};
		682953BC2665A594004918B9 /* Release */ = {
			isa = XCBuildConfiguration;
			buildSettings = {
				ASSETCATALOG_COMPILER_APPICON_NAME = AppIcon;
				ASSETCATALOG_COMPILER_GLOBAL_ACCENT_COLOR_NAME = AccentColor;
				CODE_SIGN_ENTITLEMENTS = macOS/macOS.entitlements;
				CODE_SIGN_IDENTITY = "-";
				CODE_SIGN_STYLE = Automatic;
				COMBINE_HIDPI_IMAGES = YES;
				DEVELOPMENT_TEAM = R6BE99W3FU;
				ENABLE_HARDENED_RUNTIME = YES;
				ENABLE_PREVIEWS = YES;
				INFOPLIST_FILE = macOS/Info.plist;
				LD_RUNPATH_SEARCH_PATHS = (
					"$(inherited)",
					"@executable_path/../Frameworks",
				);
				MACOSX_DEPLOYMENT_TARGET = 11.5;
				PRODUCT_BUNDLE_IDENTIFIER = "com.rarcher.SwiftUI-SplitViewNavDemo";
				PRODUCT_NAME = "SwiftUI-SplitViewNavDemo";
				SDKROOT = macosx;
				SWIFT_VERSION = 5.0;
			};
			name = Release;
		};
		68DE712126669BCD0034B519 /* Debug */ = {
			isa = XCBuildConfiguration;
			buildSettings = {
				ASSETCATALOG_COMPILER_APPICON_NAME = "App Icon & Top Shelf Image";
				ASSETCATALOG_COMPILER_GLOBAL_ACCENT_COLOR_NAME = AccentColor;
				CODE_SIGN_STYLE = Automatic;
				DEVELOPMENT_ASSET_PATHS = "\"tvOSDemo/Preview Content\"";
				DEVELOPMENT_TEAM = R6BE99W3FU;
				ENABLE_PREVIEWS = YES;
				INFOPLIST_FILE = tvOSDemo/Info.plist;
				LD_RUNPATH_SEARCH_PATHS = (
					"$(inherited)",
					"@executable_path/Frameworks",
				);
				PRODUCT_BUNDLE_IDENTIFIER = com.rarcher.tvOSDemo;
				PRODUCT_NAME = "$(TARGET_NAME)";
				SDKROOT = appletvos;
				SWIFT_VERSION = 5.0;
				TARGETED_DEVICE_FAMILY = 3;
				TVOS_DEPLOYMENT_TARGET = 14.5;
			};
			name = Debug;
		};
		68DE712226669BCD0034B519 /* Release */ = {
			isa = XCBuildConfiguration;
			buildSettings = {
				ASSETCATALOG_COMPILER_APPICON_NAME = "App Icon & Top Shelf Image";
				ASSETCATALOG_COMPILER_GLOBAL_ACCENT_COLOR_NAME = AccentColor;
				CODE_SIGN_STYLE = Automatic;
				DEVELOPMENT_ASSET_PATHS = "\"tvOSDemo/Preview Content\"";
				DEVELOPMENT_TEAM = R6BE99W3FU;
				ENABLE_PREVIEWS = YES;
				INFOPLIST_FILE = tvOSDemo/Info.plist;
				LD_RUNPATH_SEARCH_PATHS = (
					"$(inherited)",
					"@executable_path/Frameworks",
				);
				PRODUCT_BUNDLE_IDENTIFIER = com.rarcher.tvOSDemo;
				PRODUCT_NAME = "$(TARGET_NAME)";
				SDKROOT = appletvos;
				SWIFT_VERSION = 5.0;
				TARGETED_DEVICE_FAMILY = 3;
				TVOS_DEPLOYMENT_TARGET = 14.5;
				VALIDATE_PRODUCT = YES;
			};
			name = Release;
		};
		68DE714C26669CDF0034B519 /* Debug */ = {
			isa = XCBuildConfiguration;
			buildSettings = {
				ASSETCATALOG_COMPILER_COMPLICATION_NAME = Complication;
				CODE_SIGN_STYLE = Automatic;
				DEVELOPMENT_ASSET_PATHS = "\"watchOSDemo WatchKit Extension/Preview Content\"";
				DEVELOPMENT_TEAM = R6BE99W3FU;
				ENABLE_PREVIEWS = YES;
				INFOPLIST_FILE = "watchOSDemo WatchKit Extension/Info.plist";
				LD_RUNPATH_SEARCH_PATHS = (
					"$(inherited)",
					"@executable_path/Frameworks",
					"@executable_path/../../Frameworks",
				);
				PRODUCT_BUNDLE_IDENTIFIER = com.rarcher.watchOSDemo.watchkitapp.watchkitextension;
				PRODUCT_NAME = "${TARGET_NAME}";
				SDKROOT = watchos;
				SKIP_INSTALL = YES;
				SWIFT_VERSION = 5.0;
				TARGETED_DEVICE_FAMILY = 4;
				WATCHOS_DEPLOYMENT_TARGET = 7.4;
			};
			name = Debug;
		};
		68DE714D26669CDF0034B519 /* Release */ = {
			isa = XCBuildConfiguration;
			buildSettings = {
				ASSETCATALOG_COMPILER_COMPLICATION_NAME = Complication;
				CODE_SIGN_STYLE = Automatic;
				DEVELOPMENT_ASSET_PATHS = "\"watchOSDemo WatchKit Extension/Preview Content\"";
				DEVELOPMENT_TEAM = R6BE99W3FU;
				ENABLE_PREVIEWS = YES;
				INFOPLIST_FILE = "watchOSDemo WatchKit Extension/Info.plist";
				LD_RUNPATH_SEARCH_PATHS = (
					"$(inherited)",
					"@executable_path/Frameworks",
					"@executable_path/../../Frameworks",
				);
				PRODUCT_BUNDLE_IDENTIFIER = com.rarcher.watchOSDemo.watchkitapp.watchkitextension;
				PRODUCT_NAME = "${TARGET_NAME}";
				SDKROOT = watchos;
				SKIP_INSTALL = YES;
				SWIFT_VERSION = 5.0;
				TARGETED_DEVICE_FAMILY = 4;
				VALIDATE_PRODUCT = YES;
				WATCHOS_DEPLOYMENT_TARGET = 7.4;
			};
			name = Release;
		};
		68DE715026669CDF0034B519 /* Debug */ = {
			isa = XCBuildConfiguration;
			buildSettings = {
				ALWAYS_EMBED_SWIFT_STANDARD_LIBRARIES = YES;
				ASSETCATALOG_COMPILER_APPICON_NAME = AppIcon;
				ASSETCATALOG_COMPILER_GLOBAL_ACCENT_COLOR_NAME = AccentColor;
				CODE_SIGN_STYLE = Automatic;
				DEVELOPMENT_TEAM = R6BE99W3FU;
				IBSC_MODULE = watchOSDemo_WatchKit_Extension;
				INFOPLIST_FILE = "watchOSDemo WatchKit App/Info.plist";
				PRODUCT_BUNDLE_IDENTIFIER = com.rarcher.watchOSDemo.watchkitapp;
				PRODUCT_NAME = "$(TARGET_NAME)";
				SDKROOT = watchos;
				SKIP_INSTALL = YES;
				SWIFT_VERSION = 5.0;
				TARGETED_DEVICE_FAMILY = 4;
				WATCHOS_DEPLOYMENT_TARGET = 7.4;
			};
			name = Debug;
		};
		68DE715126669CDF0034B519 /* Release */ = {
			isa = XCBuildConfiguration;
			buildSettings = {
				ALWAYS_EMBED_SWIFT_STANDARD_LIBRARIES = YES;
				ASSETCATALOG_COMPILER_APPICON_NAME = AppIcon;
				ASSETCATALOG_COMPILER_GLOBAL_ACCENT_COLOR_NAME = AccentColor;
				CODE_SIGN_STYLE = Automatic;
				DEVELOPMENT_TEAM = R6BE99W3FU;
				IBSC_MODULE = watchOSDemo_WatchKit_Extension;
				INFOPLIST_FILE = "watchOSDemo WatchKit App/Info.plist";
				PRODUCT_BUNDLE_IDENTIFIER = com.rarcher.watchOSDemo.watchkitapp;
				PRODUCT_NAME = "$(TARGET_NAME)";
				SDKROOT = watchos;
				SKIP_INSTALL = YES;
				SWIFT_VERSION = 5.0;
				TARGETED_DEVICE_FAMILY = 4;
				VALIDATE_PRODUCT = YES;
				WATCHOS_DEPLOYMENT_TARGET = 7.4;
			};
			name = Release;
		};
		68DE715426669CDF0034B519 /* Debug */ = {
			isa = XCBuildConfiguration;
			buildSettings = {
				CODE_SIGN_STYLE = Automatic;
				CURRENT_PROJECT_VERSION = 1;
				DEVELOPMENT_TEAM = R6BE99W3FU;
				MARKETING_VERSION = 1.0;
				PRODUCT_BUNDLE_IDENTIFIER = com.rarcher.watchOSDemo;
				PRODUCT_NAME = "$(TARGET_NAME)";
				SDKROOT = iphoneos;
				SWIFT_VERSION = 5.0;
			};
			name = Debug;
		};
		68DE715526669CDF0034B519 /* Release */ = {
			isa = XCBuildConfiguration;
			buildSettings = {
				CODE_SIGN_STYLE = Automatic;
				CURRENT_PROJECT_VERSION = 1;
				DEVELOPMENT_TEAM = R6BE99W3FU;
				MARKETING_VERSION = 1.0;
				PRODUCT_BUNDLE_IDENTIFIER = com.rarcher.watchOSDemo;
				PRODUCT_NAME = "$(TARGET_NAME)";
				SDKROOT = iphoneos;
				SWIFT_VERSION = 5.0;
				VALIDATE_PRODUCT = YES;
			};
			name = Release;
		};
/* End XCBuildConfiguration section */

/* Begin XCConfigurationList section */
		6829539A2665A592004918B9 /* Build configuration list for PBXProject "SwiftUI-SplitViewNavDemo" */ = {
			isa = XCConfigurationList;
			buildConfigurations = (
				682953B52665A594004918B9 /* Debug */,
				682953B62665A594004918B9 /* Release */,
			);
			defaultConfigurationIsVisible = 0;
			defaultConfigurationName = Release;
		};
		682953B72665A594004918B9 /* Build configuration list for PBXNativeTarget "SwiftUI-SplitViewNavDemo (iOS)" */ = {
			isa = XCConfigurationList;
			buildConfigurations = (
				682953B82665A594004918B9 /* Debug */,
				682953B92665A594004918B9 /* Release */,
			);
			defaultConfigurationIsVisible = 0;
			defaultConfigurationName = Release;
		};
		682953BA2665A594004918B9 /* Build configuration list for PBXNativeTarget "SwiftUI-SplitViewNavDemo (macOS)" */ = {
			isa = XCConfigurationList;
			buildConfigurations = (
				682953BB2665A594004918B9 /* Debug */,
				682953BC2665A594004918B9 /* Release */,
			);
			defaultConfigurationIsVisible = 0;
			defaultConfigurationName = Release;
		};
		68DE712026669BCD0034B519 /* Build configuration list for PBXNativeTarget "tvOSDemo" */ = {
			isa = XCConfigurationList;
			buildConfigurations = (
				68DE712126669BCD0034B519 /* Debug */,
				68DE712226669BCD0034B519 /* Release */,
			);
			defaultConfigurationIsVisible = 0;
			defaultConfigurationName = Release;
		};
		68DE714B26669CDF0034B519 /* Build configuration list for PBXNativeTarget "watchOSDemo WatchKit Extension" */ = {
			isa = XCConfigurationList;
			buildConfigurations = (
				68DE714C26669CDF0034B519 /* Debug */,
				68DE714D26669CDF0034B519 /* Release */,
			);
			defaultConfigurationIsVisible = 0;
			defaultConfigurationName = Release;
		};
		68DE714F26669CDF0034B519 /* Build configuration list for PBXNativeTarget "watchOSDemo WatchKit App" */ = {
			isa = XCConfigurationList;
			buildConfigurations = (
				68DE715026669CDF0034B519 /* Debug */,
				68DE715126669CDF0034B519 /* Release */,
			);
			defaultConfigurationIsVisible = 0;
			defaultConfigurationName = Release;
		};
		68DE715326669CDF0034B519 /* Build configuration list for PBXNativeTarget "watchOSDemo" */ = {
			isa = XCConfigurationList;
			buildConfigurations = (
				68DE715426669CDF0034B519 /* Debug */,
				68DE715526669CDF0034B519 /* Release */,
			);
			defaultConfigurationIsVisible = 0;
			defaultConfigurationName = Release;
		};
/* End XCConfigurationList section */
	};
	rootObject = 682953972665A592004918B9 /* Project object */;
}
